
Microsoft Visual Studio Solution File, Format Version 12.00
# Visual Studio 15
VisualStudioVersion = 15.0.26823.1
MinimumVisualStudioVersion = 10.0.40219.1
Project("{FAE04EC0-301F-11D3-BF4B-00C04F79EFBC}") = "HeroesAPI", "HeroesAPI\HeroesAPI.csproj", "{F074EA62-BF38-4E22-B0C2-15F891F48133}"
EndProject
Global
	GlobalSection(SolutionConfigurationPlatforms) = preSolution
		Debug|Any CPU = Debug|Any CPU
		Release|Any CPU = Release|Any CPU
	EndGlobalSection
	GlobalSection(ProjectConfigurationPlatforms) = postSolution
		{F074EA62-BF38-4E22-B0C2-15F891F48133}.Debug|Any CPU.ActiveCfg = Debug|Any CPU
		{F074EA62-BF38-4E22-B0C2-15F891F48133}.Debug|Any CPU.Build.0 = Debug|Any CPU
		{F074EA62-BF38-4E22-B0C2-15F891F48133}.Release|Any CPU.ActiveCfg = Release|Any CPU
		{F074EA62-BF38-4E22-B0C2-15F891F48133}.Release|Any CPU.Build.0 = Release|Any CPU
	EndGlobalSection
	GlobalSection(SolutionProperties) = preSolution
		HideSolutionNode = FALSE
	EndGlobalSection
	GlobalSection(ExtensibilityGlobals) = postSolution
		SolutionGuid = {05EAD86F-23B9-4980-BE2D-219F8036D0A1}
	EndGlobalSection
EndGlobal
